
Microsoft Visual Studio Solution File, Format Version 12.00
# Visual Studio Version 16
VisualStudioVersion = 16.0.29009.5
MinimumVisualStudioVersion = 10.0.40219.1
Project("{FAE04EC0-301F-11D3-BF4B-00C04F79EFBC}") = "Benchmarks", "Benchmarks\Benchmarks.csproj", "{16494A55-E434-42A0-AC62-E10FEEDAF8BA}"
EndProject
Global
	GlobalSection(SolutionConfigurationPlatforms) = preSolution
		Debug|Any CPU = Debug|Any CPU
		Release|Any CPU = Release|Any CPU
	EndGlobalSection
	GlobalSection(ProjectConfigurationPlatforms) = postSolution
		{16494A55-E434-42A0-AC62-E10FEEDAF8BA}.Debug|Any CPU.ActiveCfg = Debug|Any CPU
		{16494A55-E434-42A0-AC62-E10FEEDAF8BA}.Debug|Any CPU.Build.0 = Debug|Any CPU
		{16494A55-E434-42A0-AC62-E10FEEDAF8BA}.Release|Any CPU.ActiveCfg = Release|Any CPU
		{16494A55-E434-42A0-AC62-E10FEEDAF8BA}.Release|Any CPU.Build.0 = Release|Any CPU
	EndGlobalSection
	GlobalSection(SolutionProperties) = preSolution
		HideSolutionNode = FALSE
	EndGlobalSection
	GlobalSection(ExtensibilityGlobals) = postSolution
		SolutionGuid = {6980503D-A37C-40D8-9E26-F01612FA5072}
	EndGlobalSection
EndGlobal
